
Microsoft Visual Studio Solution File, Format Version 12.00
# Visual Studio Version 17
VisualStudioVersion = 17.7.34031.279
MinimumVisualStudioVersion = 10.0.40219.1
Project("{2150E333-8FDC-42A3-9474-1A3956D46DE8}") = "TestCatalog", "TestCatalog", "{3551C935-B334-4661-9CB3-4D6F6CD693BB}"
EndProject
Project("{2150E333-8FDC-42A3-9474-1A3956D46DE8}") = "UserProfiles", "UserProfiles", "{22BDC926-ACE1-47F5-B4D6-CD218BB8B586}"
EndProject
Project("{2150E333-8FDC-42A3-9474-1A3956D46DE8}") = "UserTest", "UserTest", "{2DA85AD7-B6C8-4D19-BD0C-AFDAD1FC3A6A}"
EndProject
Project("{2150E333-8FDC-42A3-9474-1A3956D46DE8}") = "Web", "Web", "{57941465-4FE7-4B8D-9F09-42F79C81A4B9}"
EndProject
Project("{2150E333-8FDC-42A3-9474-1A3956D46DE8}") = "IdentityServer", "IdentityServer", "{2C7E3E0D-6BC5-416B-BAC3-E9AC4E78A5B1}"
EndProject
Project("{9A19103F-16F7-4668-BE54-9A1E7A4F7556}") = "IdentityServer", "IdentityServer\IdentityServer\IdentityServer.csproj", "{44A93704-542E-4886-8C7B-7A2E7C7EDB2A}"
EndProject
Project("{9A19103F-16F7-4668-BE54-9A1E7A4F7556}") = "UserProfiles.Host", "UserProfiles\UserProfiles.Host\UserProfiles.Host.csproj", "{C4967A3D-C244-4A5B-A9B6-5D846889CEA8}"
EndProject
Project("{9A19103F-16F7-4668-BE54-9A1E7A4F7556}") = "UserTest.Host", "UserTest\UserTest.Host\UserTest.Host.csproj", "{78EA0C6E-A807-472E-9A9D-6FB970A83960}"
EndProject
Project("{9A19103F-16F7-4668-BE54-9A1E7A4F7556}") = "TestCatalog.Host", "TestCatalog\TestCatalog.Host\TestCatalog.Host.csproj", "{459B9322-8FD6-4937-926D-400935BD4CE3}"
EndProject
Global
	GlobalSection(SolutionConfigurationPlatforms) = preSolution
		Debug|Any CPU = Debug|Any CPU
		Release|Any CPU = Release|Any CPU
	EndGlobalSection
	GlobalSection(ProjectConfigurationPlatforms) = postSolution
		{44A93704-542E-4886-8C7B-7A2E7C7EDB2A}.Debug|Any CPU.ActiveCfg = Debug|Any CPU
		{44A93704-542E-4886-8C7B-7A2E7C7EDB2A}.Debug|Any CPU.Build.0 = Debug|Any CPU
		{44A93704-542E-4886-8C7B-7A2E7C7EDB2A}.Release|Any CPU.ActiveCfg = Release|Any CPU
		{44A93704-542E-4886-8C7B-7A2E7C7EDB2A}.Release|Any CPU.Build.0 = Release|Any CPU
		{C4967A3D-C244-4A5B-A9B6-5D846889CEA8}.Debug|Any CPU.ActiveCfg = Debug|Any CPU
		{C4967A3D-C244-4A5B-A9B6-5D846889CEA8}.Debug|Any CPU.Build.0 = Debug|Any CPU
		{C4967A3D-C244-4A5B-A9B6-5D846889CEA8}.Release|Any CPU.ActiveCfg = Release|Any CPU
		{C4967A3D-C244-4A5B-A9B6-5D846889CEA8}.Release|Any CPU.Build.0 = Release|Any CPU
		{78EA0C6E-A807-472E-9A9D-6FB970A83960}.Debug|Any CPU.ActiveCfg = Debug|Any CPU
		{78EA0C6E-A807-472E-9A9D-6FB970A83960}.Debug|Any CPU.Build.0 = Debug|Any CPU
		{78EA0C6E-A807-472E-9A9D-6FB970A83960}.Release|Any CPU.ActiveCfg = Release|Any CPU
		{78EA0C6E-A807-472E-9A9D-6FB970A83960}.Release|Any CPU.Build.0 = Release|Any CPU
		{459B9322-8FD6-4937-926D-400935BD4CE3}.Debug|Any CPU.ActiveCfg = Debug|Any CPU
		{459B9322-8FD6-4937-926D-400935BD4CE3}.Debug|Any CPU.Build.0 = Debug|Any CPU
		{459B9322-8FD6-4937-926D-400935BD4CE3}.Release|Any CPU.ActiveCfg = Release|Any CPU
		{459B9322-8FD6-4937-926D-400935BD4CE3}.Release|Any CPU.Build.0 = Release|Any CPU
	EndGlobalSection
	GlobalSection(SolutionProperties) = preSolution
		HideSolutionNode = FALSE
	EndGlobalSection
	GlobalSection(NestedProjects) = preSolution
		{44A93704-542E-4886-8C7B-7A2E7C7EDB2A} = {2C7E3E0D-6BC5-416B-BAC3-E9AC4E78A5B1}
		{C4967A3D-C244-4A5B-A9B6-5D846889CEA8} = {22BDC926-ACE1-47F5-B4D6-CD218BB8B586}
		{78EA0C6E-A807-472E-9A9D-6FB970A83960} = {2DA85AD7-B6C8-4D19-BD0C-AFDAD1FC3A6A}
		{459B9322-8FD6-4937-926D-400935BD4CE3} = {3551C935-B334-4661-9CB3-4D6F6CD693BB}
	EndGlobalSection
	GlobalSection(ExtensibilityGlobals) = postSolution
		SolutionGuid = {728F89A3-068E-4F5C-911B-D4C17729E779}
	EndGlobalSection
EndGlobal
